
Microsoft Visual Studio Solution File, Format Version 12.00
# Visual Studio 14
VisualStudioVersion = 14.0.23107.0
MinimumVisualStudioVersion = 10.0.40219.1
Project("{FAE04EC0-301F-11D3-BF4B-00C04F79EFBC}") = "Magpie.Library", "Magpie.Library\Magpie.Library.csproj", "{EBCD6B9A-31E5-47F6-8283-02B45B6C8AFD}"
EndProject
Project("{FAE04EC0-301F-11D3-BF4B-00C04F79EFBC}") = "Magpie.Library.Tests", "Magpie.Library.Tests\Magpie.Library.Tests.csproj", "{D0609374-39D5-4B0E-B71B-9250441EEC4B}"
EndProject
Global
	GlobalSection(SolutionConfigurationPlatforms) = preSolution
		Debug|Any CPU = Debug|Any CPU
		Release|Any CPU = Release|Any CPU
	EndGlobalSection
	GlobalSection(ProjectConfigurationPlatforms) = postSolution
		{EBCD6B9A-31E5-47F6-8283-02B45B6C8AFD}.Debug|Any CPU.ActiveCfg = Debug|Any CPU
		{EBCD6B9A-31E5-47F6-8283-02B45B6C8AFD}.Debug|Any CPU.Build.0 = Debug|Any CPU
		{EBCD6B9A-31E5-47F6-8283-02B45B6C8AFD}.Release|Any CPU.ActiveCfg = Release|Any CPU
		{EBCD6B9A-31E5-47F6-8283-02B45B6C8AFD}.Release|Any CPU.Build.0 = Release|Any CPU
		{D0609374-39D5-4B0E-B71B-9250441EEC4B}.Debug|Any CPU.ActiveCfg = Debug|Any CPU
		{D0609374-39D5-4B0E-B71B-9250441EEC4B}.Debug|Any CPU.Build.0 = Debug|Any CPU
		{D0609374-39D5-4B0E-B71B-9250441EEC4B}.Release|Any CPU.ActiveCfg = Release|Any CPU
		{D0609374-39D5-4B0E-B71B-9250441EEC4B}.Release|Any CPU.Build.0 = Release|Any CPU
	EndGlobalSection
	GlobalSection(SolutionProperties) = preSolution
		HideSolutionNode = FALSE
	EndGlobalSection
EndGlobal
